
Microsoft Visual Studio Solution File, Format Version 12.00
# Visual Studio 15
VisualStudioVersion = 15.0.28307.779
MinimumVisualStudioVersion = 10.0.40219.1
Project("{FAE04EC0-301F-11D3-BF4B-00C04F79EFBC}") = "1-PrimeiroProjeto", "1-PrimeiroProjeto\1-PrimeiroProjeto.csproj", "{4CED09E3-AFD1-4A85-B6A0-E0B26515F019}"
EndProject
Project("{FAE04EC0-301F-11D3-BF4B-00C04F79EFBC}") = "2-CriandoVariaveis", "2-CriandoVariaveis\2-CriandoVariaveis.csproj", "{BCE406D7-9285-4FE4-82E0-9F0C6C361D0A}"
EndProject
Project("{FAE04EC0-301F-11D3-BF4B-00C04F79EFBC}") = "3-CriandoVariaveisPontoFlutuante", "3-CriandoVariaveisPontoFlutuante\3-CriandoVariaveisPontoFlutuante.csproj", "{4D143D9A-14F5-4AD4-8EC5-712970E34068}"
EndProject
Project("{FAE04EC0-301F-11D3-BF4B-00C04F79EFBC}") = "4-ConversoesEOutrosTiposDeVariaveis", "4-ConversoesEOutrosTiposDeVariaveis\4-ConversoesEOutrosTiposDeVariaveis.csproj", "{F27FBBC1-B727-436A-9DCE-193026C34ADF}"
EndProject
Project("{FAE04EC0-301F-11D3-BF4B-00C04F79EFBC}") = "5-CaracteresETextos", "5-CaracteresETextos\5-CaracteresETextos.csproj", "{342AEE6D-DAC5-483B-8EB0-A670140CBE62}"
EndProject
Project("{FAE04EC0-301F-11D3-BF4B-00C04F79EFBC}") = "6-AtribuiçõesDeVariaveis", "AtribuiçõesDeVariaveis\6-AtribuiçõesDeVariaveis.csproj", "{68E5621A-64F6-48AB-B259-576E059F887A}"
EndProject
Project("{FAE04EC0-301F-11D3-BF4B-00C04F79EFBC}") = "7-Condicionais", "7-Condicionais\7-Condicionais.csproj", "{878782EC-7E46-4BAC-AB7E-E53C9D280C4C}"
EndProject
Project("{FAE04EC0-301F-11D3-BF4B-00C04F79EFBC}") = "8-Condicionais2", "8-Condicionais2\8-Condicionais2.csproj", "{664FF3B6-EFC8-4092-921E-A5D7569AF205}"
EndProject
Project("{FAE04EC0-301F-11D3-BF4B-00C04F79EFBC}") = "Adiantando", "Adiantando\Adiantando.csproj", "{EE55B5B7-FC3C-4C9E-BD74-2E5C55B3FB2A}"
EndProject
Project("{FAE04EC0-301F-11D3-BF4B-00C04F79EFBC}") = "9-Escopo", "9-Escopo\9-Escopo.csproj", "{FDB7E30B-CD0E-454E-9729-105A81B370B1}"
EndProject
Project("{FAE04EC0-301F-11D3-BF4B-00C04F79EFBC}") = "Nome", "Nome\Nome.csproj", "{33C9AF94-F563-4F47-8A97-3DD14D1506BE}"
EndProject
Project("{FAE04EC0-301F-11D3-BF4B-00C04F79EFBC}") = "ImpostoDeRenda", "ImpostoDeRenda\ImpostoDeRenda.csproj", "{13B5ABCF-1144-4884-9534-66980CF60CC6}"
EndProject
Project("{FAE04EC0-301F-11D3-BF4B-00C04F79EFBC}") = "SwitchCase", "SwitchCase\SwitchCase.csproj", "{3A4A61FF-59FB-48A7-9F73-66E93C95A35E}"
EndProject
Project("{FAE04EC0-301F-11D3-BF4B-00C04F79EFBC}") = "10-CalculaPoupanca", "10-CalculaPoupanca\10-CalculaPoupanca.csproj", "{B4E6EE02-6434-4B39-845E-2B39252E6880}"
EndProject
Project("{FAE04EC0-301F-11D3-BF4B-00C04F79EFBC}") = "11-Tabuada", "11-Tabuada\11-Tabuada.csproj", "{CC342BF1-9471-4B9F-A0A5-E7236BAEB318}"
EndProject
Project("{FAE04EC0-301F-11D3-BF4B-00C04F79EFBC}") = "Figuras", "Figuras\Figuras.csproj", "{A5BCC80B-BB6C-4521-A45A-27FBD50E57DE}"
EndProject
Global
	GlobalSection(SolutionConfigurationPlatforms) = preSolution
		Debug|Any CPU = Debug|Any CPU
		Release|Any CPU = Release|Any CPU
	EndGlobalSection
	GlobalSection(ProjectConfigurationPlatforms) = postSolution
		{4CED09E3-AFD1-4A85-B6A0-E0B26515F019}.Debug|Any CPU.ActiveCfg = Debug|Any CPU
		{4CED09E3-AFD1-4A85-B6A0-E0B26515F019}.Debug|Any CPU.Build.0 = Debug|Any CPU
		{4CED09E3-AFD1-4A85-B6A0-E0B26515F019}.Release|Any CPU.ActiveCfg = Release|Any CPU
		{4CED09E3-AFD1-4A85-B6A0-E0B26515F019}.Release|Any CPU.Build.0 = Release|Any CPU
		{BCE406D7-9285-4FE4-82E0-9F0C6C361D0A}.Debug|Any CPU.ActiveCfg = Debug|Any CPU
		{BCE406D7-9285-4FE4-82E0-9F0C6C361D0A}.Debug|Any CPU.Build.0 = Debug|Any CPU
		{BCE406D7-9285-4FE4-82E0-9F0C6C361D0A}.Release|Any CPU.ActiveCfg = Release|Any CPU
		{BCE406D7-9285-4FE4-82E0-9F0C6C361D0A}.Release|Any CPU.Build.0 = Release|Any CPU
		{4D143D9A-14F5-4AD4-8EC5-712970E34068}.Debug|Any CPU.ActiveCfg = Debug|Any CPU
		{4D143D9A-14F5-4AD4-8EC5-712970E34068}.Debug|Any CPU.Build.0 = Debug|Any CPU
		{4D143D9A-14F5-4AD4-8EC5-712970E34068}.Release|Any CPU.ActiveCfg = Release|Any CPU
		{4D143D9A-14F5-4AD4-8EC5-712970E34068}.Release|Any CPU.Build.0 = Release|Any CPU
		{F27FBBC1-B727-436A-9DCE-193026C34ADF}.Debug|Any CPU.ActiveCfg = Debug|Any CPU
		{F27FBBC1-B727-436A-9DCE-193026C34ADF}.Debug|Any CPU.Build.0 = Debug|Any CPU
		{F27FBBC1-B727-436A-9DCE-193026C34ADF}.Release|Any CPU.ActiveCfg = Release|Any CPU
		{F27FBBC1-B727-436A-9DCE-193026C34ADF}.Release|Any CPU.Build.0 = Release|Any CPU
		{342AEE6D-DAC5-483B-8EB0-A670140CBE62}.Debug|Any CPU.ActiveCfg = Debug|Any CPU
		{342AEE6D-DAC5-483B-8EB0-A670140CBE62}.Debug|Any CPU.Build.0 = Debug|Any CPU
		{342AEE6D-DAC5-483B-8EB0-A670140CBE62}.Release|Any CPU.ActiveCfg = Release|Any CPU
		{342AEE6D-DAC5-483B-8EB0-A670140CBE62}.Release|Any CPU.Build.0 = Release|Any CPU
		{68E5621A-64F6-48AB-B259-576E059F887A}.Debug|Any CPU.ActiveCfg = Debug|Any CPU
		{68E5621A-64F6-48AB-B259-576E059F887A}.Debug|Any CPU.Build.0 = Debug|Any CPU
		{68E5621A-64F6-48AB-B259-576E059F887A}.Release|Any CPU.ActiveCfg = Release|Any CPU
		{68E5621A-64F6-48AB-B259-576E059F887A}.Release|Any CPU.Build.0 = Release|Any CPU
		{878782EC-7E46-4BAC-AB7E-E53C9D280C4C}.Debug|Any CPU.ActiveCfg = Debug|Any CPU
		{878782EC-7E46-4BAC-AB7E-E53C9D280C4C}.Debug|Any CPU.Build.0 = Debug|Any CPU
		{878782EC-7E46-4BAC-AB7E-E53C9D280C4C}.Release|Any CPU.ActiveCfg = Release|Any CPU
		{878782EC-7E46-4BAC-AB7E-E53C9D280C4C}.Release|Any CPU.Build.0 = Release|Any CPU
		{664FF3B6-EFC8-4092-921E-A5D7569AF205}.Debug|Any CPU.ActiveCfg = Debug|Any CPU
		{664FF3B6-EFC8-4092-921E-A5D7569AF205}.Debug|Any CPU.Build.0 = Debug|Any CPU
		{664FF3B6-EFC8-4092-921E-A5D7569AF205}.Release|Any CPU.ActiveCfg = Release|Any CPU
		{664FF3B6-EFC8-4092-921E-A5D7569AF205}.Release|Any CPU.Build.0 = Release|Any CPU
		{EE55B5B7-FC3C-4C9E-BD74-2E5C55B3FB2A}.Debug|Any CPU.ActiveCfg = Debug|Any CPU
		{EE55B5B7-FC3C-4C9E-BD74-2E5C55B3FB2A}.Debug|Any CPU.Build.0 = Debug|Any CPU
		{EE55B5B7-FC3C-4C9E-BD74-2E5C55B3FB2A}.Release|Any CPU.ActiveCfg = Release|Any CPU
		{EE55B5B7-FC3C-4C9E-BD74-2E5C55B3FB2A}.Release|Any CPU.Build.0 = Release|Any CPU
		{FDB7E30B-CD0E-454E-9729-105A81B370B1}.Debug|Any CPU.ActiveCfg = Debug|Any CPU
		{FDB7E30B-CD0E-454E-9729-105A81B370B1}.Debug|Any CPU.Build.0 = Debug|Any CPU
		{FDB7E30B-CD0E-454E-9729-105A81B370B1}.Release|Any CPU.ActiveCfg = Release|Any CPU
		{FDB7E30B-CD0E-454E-9729-105A81B370B1}.Release|Any CPU.Build.0 = Release|Any CPU
		{33C9AF94-F563-4F47-8A97-3DD14D1506BE}.Debug|Any CPU.ActiveCfg = Debug|Any CPU
		{33C9AF94-F563-4F47-8A97-3DD14D1506BE}.Debug|Any CPU.Build.0 = Debug|Any CPU
		{33C9AF94-F563-4F47-8A97-3DD14D1506BE}.Release|Any CPU.ActiveCfg = Release|Any CPU
		{33C9AF94-F563-4F47-8A97-3DD14D1506BE}.Release|Any CPU.Build.0 = Release|Any CPU
		{13B5ABCF-1144-4884-9534-66980CF60CC6}.Debug|Any CPU.ActiveCfg = Debug|Any CPU
		{13B5ABCF-1144-4884-9534-66980CF60CC6}.Debug|Any CPU.Build.0 = Debug|Any CPU
		{13B5ABCF-1144-4884-9534-66980CF60CC6}.Release|Any CPU.ActiveCfg = Release|Any CPU
		{13B5ABCF-1144-4884-9534-66980CF60CC6}.Release|Any CPU.Build.0 = Release|Any CPU
		{3A4A61FF-59FB-48A7-9F73-66E93C95A35E}.Debug|Any CPU.ActiveCfg = Debug|Any CPU
		{3A4A61FF-59FB-48A7-9F73-66E93C95A35E}.Debug|Any CPU.Build.0 = Debug|Any CPU
		{3A4A61FF-59FB-48A7-9F73-66E93C95A35E}.Release|Any CPU.ActiveCfg = Release|Any CPU
		{3A4A61FF-59FB-48A7-9F73-66E93C95A35E}.Release|Any CPU.Build.0 = Release|Any CPU
		{B4E6EE02-6434-4B39-845E-2B39252E6880}.Debug|Any CPU.ActiveCfg = Debug|Any CPU
		{B4E6EE02-6434-4B39-845E-2B39252E6880}.Debug|Any CPU.Build.0 = Debug|Any CPU
		{B4E6EE02-6434-4B39-845E-2B39252E6880}.Release|Any CPU.ActiveCfg = Release|Any CPU
		{B4E6EE02-6434-4B39-845E-2B39252E6880}.Release|Any CPU.Build.0 = Release|Any CPU
		{CC342BF1-9471-4B9F-A0A5-E7236BAEB318}.Debug|Any CPU.ActiveCfg = Debug|Any CPU
		{CC342BF1-9471-4B9F-A0A5-E7236BAEB318}.Debug|Any CPU.Build.0 = Debug|Any CPU
		{CC342BF1-9471-4B9F-A0A5-E7236BAEB318}.Release|Any CPU.ActiveCfg = Release|Any CPU
		{CC342BF1-9471-4B9F-A0A5-E7236BAEB318}.Release|Any CPU.Build.0 = Release|Any CPU
		{A5BCC80B-BB6C-4521-A45A-27FBD50E57DE}.Debug|Any CPU.ActiveCfg = Debug|Any CPU
		{A5BCC80B-BB6C-4521-A45A-27FBD50E57DE}.Debug|Any CPU.Build.0 = Debug|Any CPU
		{A5BCC80B-BB6C-4521-A45A-27FBD50E57DE}.Release|Any CPU.ActiveCfg = Release|Any CPU
		{A5BCC80B-BB6C-4521-A45A-27FBD50E57DE}.Release|Any CPU.Build.0 = Release|Any CPU
	EndGlobalSection
	GlobalSection(SolutionProperties) = preSolution
		HideSolutionNode = FALSE
	EndGlobalSection
	GlobalSection(ExtensibilityGlobals) = postSolution
		SolutionGuid = {92705B47-CFE8-4AD6-AABE-628B0A44FD2E}
	EndGlobalSection
EndGlobal
